{
    "_meta": {
        "hash": {
            "sha256": "48cf83344c3ebdc66ad3ba1d89e69d2b7a78a85308dbb1792be2c330cc76c26c"
        },
        "pipfile-spec": 6,
        "requires": {
            "python_full_version": "3.11.3",
            "python_version": "3.11"
        },
        "sources": [
            {
                "name": "pypi",
                "url": "https://pypi.org/simple",
                "verify_ssl": true
            }
        ]
    },
    "default": {
        "asgiref": {
            "hashes": [
                "sha256:89b2ef2247e3b562a16eef663bc0e2e703ec6468e2fa8a5cd61cd449786d4f6e",
                "sha256:9e0ce3aa93a819ba5b45120216b23878cf6e8525eb3848653452b4192b92afed"
            ],
            "markers": "python_version >= '3.7'",
            "version": "==3.7.2"
        },
        "babel": {
            "hashes": [
                "sha256:b4246fb7677d3b98f501a39d43396d3cafdc8eadb045f4a31be01863f655c610",
                "sha256:cc2d99999cd01d44420ae725a21c9e3711b3aadc7976d6147f622d8581963455"
            ],
            "markers": "python_version >= '3.7'",
            "version": "==2.12.1"
        },
        "django": {
            "hashes": [
                "sha256:45a747e1c5b3d6df1b141b1481e193b033fd1fdbda3ff52677dc81afdaacbaed",
                "sha256:f7c7852a5ac5a3da5a8d5b35cc6168f31b605971441798dac845f17ca8028039"
            ],
            "index": "pypi",
            "version": "==4.2.3"
        },
        "django-cors-headers": {
            "hashes": [
                "sha256:9ada212b0e2efd4a5e339360ffc869cb21ac5605e810afe69f7308e577ea5bde",
                "sha256:f9749c6410fe738278bc2b6ef17f05195bc7b251693c035752d8257026af024f"
            ],
            "index": "pypi",
            "version": "==4.2.0"
        },
        "django-model-utils": {
            "hashes": [
                "sha256:2e2e4f13e4f14613134a9777db7ad4265f59a1d8f1384107bcaa3028fe3c87c1",
                "sha256:8c0b0177bab909a8635b602d960daa67e80607aa5469217857271a60726d7a4b"
            ],
            "index": "pypi",
            "version": "==4.3.1"
        },
        "django-money": {
            "hashes": [
                "sha256:2e4174b47993780bf4b61ad3fa0a66ebe140da42fdbe68b628c7ba9788287214",
                "sha256:3099f906407175af06b56ef3ff5c250e2fc525ff00f50d42f77b98597e625459"
            ],
            "index": "pypi",
            "version": "==3.2.0"
        },
        "django-phonenumber-field": {
            "hashes": [
                "sha256:4eaab35fe9a163046dc3a47188771385c56a788e0e11b7bbcc662e1e6b7b9104",
                "sha256:63721dbdc7424cd594a08d80f550e790cf6e7c903cbc0fb4dd9d86baac8b8c51"
            ],
            "index": "pypi",
            "version": "==7.1.0"
        },
        "django-stubs": {
            "extras": [
                "compatible-mypy"
            ],
            "hashes": [
                "sha256:dadab39b46d9ae8f37a8e879c590f39a9e042b565c03fa0c5a8f754b441b1f23",
                "sha256:e30e2e4927ba14bec587ed2c686404b6b8e473cabe9baca445e7d2e1e0d7b14f"
            ],
            "markers": "python_version >= '3.8'",
            "version": "==4.2.3"
        },
        "django-stubs-ext": {
            "hashes": [
                "sha256:c69d1cc46f1c4c3b7894b685a5022c29b2a36c7cfb52e23762eaf357ebfc2c98",
                "sha256:fdacc65a14d2d4b97334b58ff178a5853ec8c8c76cec406e417916ad67536ce4"
            ],
            "markers": "python_version >= '3.8'",
            "version": "==4.2.2"
        },
        "graphql-core": {
            "hashes": [
                "sha256:06d2aad0ac723e35b1cb47885d3e5c45e956a53bc1b209a9fc5369007fe46676",
                "sha256:5766780452bd5ec8ba133f8bf287dc92713e3868ddd83aee4faab9fc3e303dc3"
            ],
            "markers": "python_version >= '3.6' and python_version < '4'",
            "version": "==3.2.3"
        },
        "mypy": {
            "hashes": [
                "sha256:01fd2e9f85622d981fd9063bfaef1aed6e336eaacca00892cd2d82801ab7c042",
                "sha256:0dde1d180cd84f0624c5dcaaa89c89775550a675aff96b5848de78fb11adabcd",
                "sha256:141dedfdbfe8a04142881ff30ce6e6653c9685b354876b12e4fe6c78598b45e2",
                "sha256:16f0db5b641ba159eff72cff08edc3875f2b62b2fa2bc24f68c1e7a4e8232d01",
                "sha256:190b6bab0302cec4e9e6767d3eb66085aef2a1cc98fe04936d8a42ed2ba77bb7",
                "sha256:2460a58faeea905aeb1b9b36f5065f2dc9a9c6e4c992a6499a2360c6c74ceca3",
                "sha256:34a9239d5b3502c17f07fd7c0b2ae6b7dd7d7f6af35fbb5072c6208e76295816",
                "sha256:43b592511672017f5b1a483527fd2684347fdffc041c9ef53428c8dc530f79a3",
                "sha256:43d24f6437925ce50139a310a64b2ab048cb2d3694c84c71c3f2a1626d8101dc",
                "sha256:45d32cec14e7b97af848bddd97d85ea4f0db4d5a149ed9676caa4eb2f7402bb4",
                "sha256:470c969bb3f9a9efcedbadcd19a74ffb34a25f8e6b0e02dae7c0e71f8372f97b",
                "sha256:566e72b0cd6598503e48ea610e0052d1b8168e60a46e0bfd34b3acf2d57f96a8",
                "sha256:5703097c4936bbb9e9bce41478c8d08edd2865e177dc4c52be759f81ee4dd26c",
                "sha256:7549fbf655e5825d787bbc9ecf6028731973f78088fbca3a1f4145c39ef09462",
                "sha256:8207b7105829eca6f3d774f64a904190bb2231de91b8b186d21ffd98005f14a7",
                "sha256:8c4d8e89aa7de683e2056a581ce63c46a0c41e31bd2b6d34144e2c80f5ea53dc",
                "sha256:98324ec3ecf12296e6422939e54763faedbfcc502ea4a4c38502082711867258",
                "sha256:9bbcd9ab8ea1f2e1c8031c21445b511442cc45c89951e49bbf852cbb70755b1b",
                "sha256:9d40652cc4fe33871ad3338581dca3297ff5f2213d0df345bcfbde5162abf0c9",
                "sha256:a2746d69a8196698146a3dbe29104f9eb6a2a4d8a27878d92169a6c0b74435b6",
                "sha256:ae704dcfaa180ff7c4cfbad23e74321a2b774f92ca77fd94ce1049175a21c97f",
                "sha256:bfdca17c36ae01a21274a3c387a63aa1aafe72bff976522886869ef131b937f1",
                "sha256:c482e1246726616088532b5e964e39765b6d1520791348e6c9dc3af25b233828",
                "sha256:ca637024ca67ab24a7fd6f65d280572c3794665eaf5edcc7e90a866544076878",
                "sha256:e02d700ec8d9b1859790c0475df4e4092c7bf3272a4fd2c9f33d87fac4427b8f",
                "sha256:e5952d2d18b79f7dc25e62e014fe5a23eb1a3d2bc66318df8988a01b1a037c5b"
            ],
            "markers": "python_version >= '3.7'",
            "version": "==1.4.1"
        },
        "mypy-extensions": {
            "hashes": [
                "sha256:4392f6c0eb8a5668a69e23d168ffa70f0be9ccfd32b5cc2d26a34ae5b844552d",
                "sha256:75dbf8955dc00442a438fc4d0666508a9a97b6bd41aa2f0ffe9d2f2725af0782"
            ],
            "markers": "python_version >= '3.5'",
            "version": "==1.0.0"
        },
        "phonenumbers": {
            "hashes": [
                "sha256:92772b142eac9f3aeb0e87958c436996ac16d468d96646483997c8a57517933b",
                "sha256:d7ca6b392eac44b50b923c6dc661525c73b21fa506723d2540c72de3db023442"
            ],
            "index": "pypi",
            "version": "==8.13.16"
        },
        "pillow": {
            "hashes": [
                "sha256:00e65f5e822decd501e374b0650146063fbb30a7264b4d2744bdd7b913e0cab5",
                "sha256:040586f7d37b34547153fa383f7f9aed68b738992380ac911447bb78f2abe530",
                "sha256:0b6eb5502f45a60a3f411c63187db83a3d3107887ad0d036c13ce836f8a36f1d",
                "sha256:1ce91b6ec08d866b14413d3f0bbdea7e24dfdc8e59f562bb77bc3fe60b6144ca",
                "sha256:1f62406a884ae75fb2f818694469519fb685cc7eaff05d3451a9ebe55c646891",
                "sha256:22c10cc517668d44b211717fd9775799ccec4124b9a7f7b3635fc5386e584992",
                "sha256:3400aae60685b06bb96f99a21e1ada7bc7a413d5f49bce739828ecd9391bb8f7",
                "sha256:349930d6e9c685c089284b013478d6f76e3a534e36ddfa912cde493f235372f3",
                "sha256:368ab3dfb5f49e312231b6f27b8820c823652b7cd29cfbd34090565a015e99ba",
                "sha256:38250a349b6b390ee6047a62c086d3817ac69022c127f8a5dc058c31ccef17f3",
                "sha256:3a684105f7c32488f7153905a4e3015a3b6c7182e106fe3c37fbb5ef3e6994c3",
                "sha256:3a82c40d706d9aa9734289740ce26460a11aeec2d9c79b7af87bb35f0073c12f",
                "sha256:3b08d4cc24f471b2c8ca24ec060abf4bebc6b144cb89cba638c720546b1cf538",
                "sha256:3ed64f9ca2f0a95411e88a4efbd7a29e5ce2cea36072c53dd9d26d9c76f753b3",
                "sha256:3f07ea8d2f827d7d2a49ecf1639ec02d75ffd1b88dcc5b3a61bbb37a8759ad8d",
                "sha256:520f2a520dc040512699f20fa1c363eed506e94248d71f85412b625026f6142c",
                "sha256:5c6e3df6bdd396749bafd45314871b3d0af81ff935b2d188385e970052091017",
                "sha256:608bfdee0d57cf297d32bcbb3c728dc1da0907519d1784962c5f0c68bb93e5a3",
                "sha256:685ac03cc4ed5ebc15ad5c23bc555d68a87777586d970c2c3e216619a5476223",
                "sha256:76de421f9c326da8f43d690110f0e79fe3ad1e54be811545d7d91898b4c8493e",
                "sha256:76edb0a1fa2b4745fb0c99fb9fb98f8b180a1bbceb8be49b087e0b21867e77d3",
                "sha256:7be600823e4c8631b74e4a0d38384c73f680e6105a7d3c6824fcf226c178c7e6",
                "sha256:81ff539a12457809666fef6624684c008e00ff6bf455b4b89fd00a140eecd640",
                "sha256:88af2003543cc40c80f6fca01411892ec52b11021b3dc22ec3bc9d5afd1c5334",
                "sha256:8c11160913e3dd06c8ffdb5f233a4f254cb449f4dfc0f8f4549eda9e542c93d1",
                "sha256:8f8182b523b2289f7c415f589118228d30ac8c355baa2f3194ced084dac2dbba",
                "sha256:9211e7ad69d7c9401cfc0e23d49b69ca65ddd898976d660a2fa5904e3d7a9baa",
                "sha256:92be919bbc9f7d09f7ae343c38f5bb21c973d2576c1d45600fce4b74bafa7ac0",
                "sha256:9c82b5b3e043c7af0d95792d0d20ccf68f61a1fec6b3530e718b688422727396",
                "sha256:9f7c16705f44e0504a3a2a14197c1f0b32a95731d251777dcb060aa83022cb2d",
                "sha256:9fb218c8a12e51d7ead2a7c9e101a04982237d4855716af2e9499306728fb485",
                "sha256:a74ba0c356aaa3bb8e3eb79606a87669e7ec6444be352870623025d75a14a2bf",
                "sha256:b4f69b3700201b80bb82c3a97d5e9254084f6dd5fb5b16fc1a7b974260f89f43",
                "sha256:bc2ec7c7b5d66b8ec9ce9f720dbb5fa4bace0f545acd34870eff4a369b44bf37",
                "sha256:c189af0545965fa8d3b9613cfdb0cd37f9d71349e0f7750e1fd704648d475ed2",
                "sha256:c1fbe7621c167ecaa38ad29643d77a9ce7311583761abf7836e1510c580bf3dd",
                "sha256:c7cf14a27b0d6adfaebb3ae4153f1e516df54e47e42dcc073d7b3d76111a8d86",
                "sha256:c9f72a021fbb792ce98306ffb0c348b3c9cb967dce0f12a49aa4c3d3fdefa967",
                "sha256:cd25d2a9d2b36fcb318882481367956d2cf91329f6892fe5d385c346c0649629",
                "sha256:ce543ed15570eedbb85df19b0a1a7314a9c8141a36ce089c0a894adbfccb4568",
                "sha256:ce7b031a6fc11365970e6a5686d7ba8c63e4c1cf1ea143811acbb524295eabed",
                "sha256:d35e3c8d9b1268cbf5d3670285feb3528f6680420eafe35cccc686b73c1e330f",
                "sha256:d50b6aec14bc737742ca96e85d6d0a5f9bfbded018264b3b70ff9d8c33485551",
                "sha256:d5d0dae4cfd56969d23d94dc8e89fb6a217be461c69090768227beb8ed28c0a3",
                "sha256:d5db32e2a6ccbb3d34d87c87b432959e0db29755727afb37290e10f6e8e62614",
                "sha256:d72e2ecc68a942e8cf9739619b7f408cc7b272b279b56b2c83c6123fcfa5cdff",
                "sha256:d737a602fbd82afd892ca746392401b634e278cb65d55c4b7a8f48e9ef8d008d",
                "sha256:d80cf684b541685fccdd84c485b31ce73fc5c9b5d7523bf1394ce134a60c6883",
                "sha256:db24668940f82321e746773a4bc617bfac06ec831e5c88b643f91f122a785684",
                "sha256:dbc02381779d412145331789b40cc7b11fdf449e5d94f6bc0b080db0a56ea3f0",
                "sha256:dffe31a7f47b603318c609f378ebcd57f1554a3a6a8effbc59c3c69f804296de",
                "sha256:edf4392b77bdc81f36e92d3a07a5cd072f90253197f4a52a55a8cec48a12483b",
                "sha256:efe8c0681042536e0d06c11f48cebe759707c9e9abf880ee213541c5b46c5bf3",
                "sha256:f31f9fdbfecb042d046f9d91270a0ba28368a723302786c0009ee9b9f1f60199",
                "sha256:f88a0b92277de8e3ca715a0d79d68dc82807457dae3ab8699c758f07c20b3c51",
                "sha256:faaf07ea35355b01a35cb442dd950d8f1bb5b040a7787791a535de13db15ed90"
            ],
            "index": "pypi",
            "version": "==10.0.0"
        },
        "psycopg2": {
            "hashes": [
                "sha256:11aca705ec888e4f4cea97289a0bf0f22a067a32614f6ef64fcf7b8bfbc53744",
                "sha256:1861a53a6a0fd248e42ea37c957d36950da00266378746588eab4f4b5649e95f",
                "sha256:2362ee4d07ac85ff0ad93e22c693d0f37ff63e28f0615a16b6635a645f4b9214",
                "sha256:36c941a767341d11549c0fbdbb2bf5be2eda4caf87f65dfcd7d146828bd27f39",
                "sha256:53f4ad0a3988f983e9b49a5d9765d663bbe84f508ed655affdb810af9d0972ad",
                "sha256:869776630c04f335d4124f120b7fb377fe44b0a7645ab3c34b4ba42516951889",
                "sha256:a8ad4a47f42aa6aec8d061fdae21eaed8d864d4bb0f0cade5ad32ca16fcd6258",
                "sha256:b81fcb9ecfc584f661b71c889edeae70bae30d3ef74fa0ca388ecda50b1222b7",
                "sha256:d24ead3716a7d093b90b27b3d73459fe8cd90fd7065cf43b3c40966221d8c394",
                "sha256:ded2faa2e6dfb430af7713d87ab4abbfc764d8d7fb73eafe96a24155f906ebf5",
                "sha256:f15158418fd826831b28585e2ab48ed8df2d0d98f502a2b4fe619e7d5ca29011",
                "sha256:f75001a1cbbe523e00b0ef896a5a1ada2da93ccd752b7636db5a99bc57c44494",
                "sha256:f7a7a5ee78ba7dc74265ba69e010ae89dae635eea0e97b055fb641a01a31d2b1"
            ],
            "index": "pypi",
            "version": "==2.9.6"
        },
        "py-moneyed": {
            "hashes": [
                "sha256:4906f0f02cf2b91edba2e156f2d4e9a78f224059ab8c8fa2ff26230c75d894e8",
                "sha256:9583a14f99c05b46196193d8185206e9b73c8439fc8a5eee9cfc7e733676d9bb"
            ],
            "markers": "python_version >= '3.7'",
            "version": "==3.0"
        },
        "pyjwt": {
            "hashes": [
                "sha256:ba2b425b15ad5ef12f200dc67dd56af4e26de2331f965c5439994dad075876e1",
                "sha256:bd6ca4a3c4285c1a2d4349e5a035fdf8fb94e04ccd0fcbe6ba289dae9cc3e074"
            ],
            "markers": "python_version >= '3.7'",
            "version": "==2.7.0"
        },
        "python-dateutil": {
            "hashes": [
                "sha256:0123cacc1627ae19ddf3c27a5de5bd67ee4586fbdd6440d9748f8abb483d3e86",
                "sha256:961d03dc3453ebbc59dbdea9e4e11c5651520a876d0f4db161e8674aae935da9"
            ],
            "markers": "python_version >= '2.7' and python_version not in '3.0, 3.1, 3.2, 3.3'",
            "version": "==2.8.2"
        },
        "setuptools": {
            "hashes": [
                "sha256:11e52c67415a381d10d6b462ced9cfb97066179f0e871399e006c4ab101fc85f",
                "sha256:baf1fdb41c6da4cd2eae722e135500da913332ab3f2f5c7d33af9b492acb5235"
            ],
            "markers": "python_version >= '3.7'",
            "version": "==68.0.0"
        },
        "six": {
            "hashes": [
                "sha256:1e61c37477a1626458e36f7b1d82aa5c9b094fa4802892072e49de9c60c4c926",
                "sha256:8abb2f1d86890a2dfb989f9a77cfcfd3e47c2a354b01111771326f8aa26e0254"
            ],
            "markers": "python_version >= '2.7' and python_version not in '3.0, 3.1, 3.2, 3.3'",
            "version": "==1.16.0"
        },
        "sqlparse": {
            "hashes": [
                "sha256:5430a4fe2ac7d0f93e66f1efc6e1338a41884b7ddf2a350cedd20ccc4d9d28f3",
                "sha256:d446183e84b8349fa3061f0fe7f06ca94ba65b426946ffebe6e3e8295332420c"
            ],
            "markers": "python_version >= '3.5'",
            "version": "==0.4.4"
        },
        "strawberry-django-auth": {
            "hashes": [
                "sha256:1ebc91711d370e2e3b6874e1c52e6a4eab78272dc34e325413d9ef1a8cec12aa",
                "sha256:981be9ae685625ae16d33404237b737f923640ce5ab3e91af2deb2660e80bf20"
            ],
            "index": "pypi",
            "version": "==0.375.0"
        },
        "strawberry-graphql": {
            "hashes": [
                "sha256:559298d59da8632df0a3f45902d534af4b0b0f2a2704ab7b0ab2e4d1ceb25251",
                "sha256:9224e12c718e0ada0f07cf496d71296d79611bb90648cfacd0d47b4183e60956"
            ],
            "index": "pypi",
            "version": "==0.195.2"
        },
        "strawberry-graphql-django": {
            "hashes": [
                "sha256:443f38c1e54800bbb982902b566b77ee40e186ea20e57345f4e47eb66a4014dd",
                "sha256:cc43c1dadae509e79ae5afa547265a55c8f2bfd70854d78c22e11b3c5608ebd8"
            ],
            "index": "pypi",
            "version": "==0.12.0"
        },
        "types-pytz": {
            "hashes": [
                "sha256:4fc2a7fbbc315f0b6630e0b899fd6c743705abe1094d007b0e612d10da15e0f3",
                "sha256:ecdc70d543aaf3616a7e48631543a884f74205f284cefd6649ddf44c6a820aac"
            ],
            "version": "==2023.3.0.0"
        },
        "types-pyyaml": {
            "hashes": [
                "sha256:662fa444963eff9b68120d70cda1af5a5f2aa57900003c2006d7626450eaae5f",
                "sha256:ebab3d0700b946553724ae6ca636ea932c1b0868701d4af121630e78d695fc97"
            ],
            "version": "==6.0.12.10"
        },
        "typing-extensions": {
            "hashes": [
                "sha256:440d5dd3af93b060174bf433bccd69b0babc3b15b1a8dca43789fd7f61514b36",
                "sha256:b75ddc264f0ba5615db7ba217daeb99701ad295353c45f9e95963337ceeeffb2"
            ],
            "markers": "python_version >= '3.7'",
            "version": "==4.7.1"
        }
    },
    "develop": {}
}
